{
  "version": 4,
  "terraform_version": "0.14.5",
  "serial": 3,
  "lineage": "d4da65e9-5b7c-cbf9-7985-0bc19d4fc932",
  "outputs": {},
  "resources": [
    {
      "mode": "managed",
      "type": "azurerm_resource_group",
      "name": "RG",
      "provider": "provider[\"registry.terraform.io/hashicorp/azurerm\"]",
      "instances": [
        {
          "schema_version": 0,
          "attributes": {
            "id": "/subscriptions/dabbdb13-eaf6-4a6c-b1af-38e2fba70ccf/resourceGroups/PoolRG",
            "location": "eastus",
            "name": "PoolRG",
            "tags": null,
            "timeouts": null
          },
          "sensitive_attributes": [],
          "private": "eyJlMmJmYjczMC1lY2FhLTExZTYtOGY4OC0zNDM2M2JjN2M0YzAiOnsiY3JlYXRlIjo1NDAwMDAwMDAwMDAwLCJkZWxldGUiOjU0MDAwMDAwMDAwMDAsInJlYWQiOjMwMDAwMDAwMDAwMCwidXBkYXRlIjo1NDAwMDAwMDAwMDAwfX0="
        }
      ]
    },
    {
      "mode": "managed",
      "type": "azurerm_storage_account",
      "name": "mystorage",
      "provider": "provider[\"registry.terraform.io/hashicorp/azurerm\"]",
      "instances": [
        {
          "schema_version": 2,
          "attributes": {
            "access_tier": "Hot",
            "account_kind": "StorageV2",
            "account_replication_type": "LRS",
            "account_tier": "Standard",
            "allow_blob_public_access": false,
            "blob_properties": [],
            "custom_domain": [],
            "enable_https_traffic_only": true,
            "id": "/subscriptions/dabbdb13-eaf6-4a6c-b1af-38e2fba70ccf/resourceGroups/PoolRG/providers/Microsoft.Storage/storageAccounts/amitshdevstoremystore1",
            "identity": [],
            "is_hns_enabled": false,
            "large_file_share_enabled": null,
            "location": "eastus",
            "min_tls_version": "TLS1_0",
            "name": "amitshdevstoremystore1",
            "network_rules": [
              {
                "bypass": [
                  "AzureServices"
                ],
                "default_action": "Allow",
                "ip_rules": [],
                "virtual_network_subnet_ids": []
              }
            ],
            "primary_access_key": "H1wxOP2mTFLJWaxs7IRlbdpw2XfSDjbOGOTnfQwlW/xhhmBnC1w7ItNrUQttkBBxNnJCo1rIX9NjD3UY8QyQLQ==",
            "primary_blob_connection_string": "DefaultEndpointsProtocol=https;BlobEndpoint=https://amitshdevstoremystore1.blob.core.windows.net/;AccountName=amitshdevstoremystore1;AccountKey=H1wxOP2mTFLJWaxs7IRlbdpw2XfSDjbOGOTnfQwlW/xhhmBnC1w7ItNrUQttkBBxNnJCo1rIX9NjD3UY8QyQLQ==",
            "primary_blob_endpoint": "https://amitshdevstoremystore1.blob.core.windows.net/",
            "primary_blob_host": "amitshdevstoremystore1.blob.core.windows.net",
            "primary_connection_string": "DefaultEndpointsProtocol=https;AccountName=amitshdevstoremystore1;AccountKey=H1wxOP2mTFLJWaxs7IRlbdpw2XfSDjbOGOTnfQwlW/xhhmBnC1w7ItNrUQttkBBxNnJCo1rIX9NjD3UY8QyQLQ==;EndpointSuffix=core.windows.net",
            "primary_dfs_endpoint": "https://amitshdevstoremystore1.dfs.core.windows.net/",
            "primary_dfs_host": "amitshdevstoremystore1.dfs.core.windows.net",
            "primary_file_endpoint": "https://amitshdevstoremystore1.file.core.windows.net/",
            "primary_file_host": "amitshdevstoremystore1.file.core.windows.net",
            "primary_location": "eastus",
            "primary_queue_endpoint": "https://amitshdevstoremystore1.queue.core.windows.net/",
            "primary_queue_host": "amitshdevstoremystore1.queue.core.windows.net",
            "primary_table_endpoint": "https://amitshdevstoremystore1.table.core.windows.net/",
            "primary_table_host": "amitshdevstoremystore1.table.core.windows.net",
            "primary_web_endpoint": "https://amitshdevstoremystore1.z13.web.core.windows.net/",
            "primary_web_host": "amitshdevstoremystore1.z13.web.core.windows.net",
            "queue_properties": [
              {
                "cors_rule": [],
                "hour_metrics": [
                  {
                    "enabled": true,
                    "include_apis": true,
                    "retention_policy_days": 7,
                    "version": "1.0"
                  }
                ],
                "logging": [
                  {
                    "delete": false,
                    "read": false,
                    "retention_policy_days": 0,
                    "version": "1.0",
                    "write": false
                  }
                ],
                "minute_metrics": [
                  {
                    "enabled": false,
                    "include_apis": false,
                    "retention_policy_days": 0,
                    "version": "1.0"
                  }
                ]
              }
            ],
            "resource_group_name": "PoolRG",
            "secondary_access_key": "F6IXe6J66sw0na5ZAQiPIme+UN/teeyhrMj4/3R56Ol48uKCbYWPXapXS0X8GyYcGXQneqom9ySAnLFTUb896Q==",
            "secondary_blob_connection_string": "",
            "secondary_blob_endpoint": null,
            "secondary_blob_host": null,
            "secondary_connection_string": "DefaultEndpointsProtocol=https;AccountName=amitshdevstoremystore1;AccountKey=F6IXe6J66sw0na5ZAQiPIme+UN/teeyhrMj4/3R56Ol48uKCbYWPXapXS0X8GyYcGXQneqom9ySAnLFTUb896Q==;EndpointSuffix=core.windows.net",
            "secondary_dfs_endpoint": null,
            "secondary_dfs_host": null,
            "secondary_file_endpoint": null,
            "secondary_file_host": null,
            "secondary_location": "",
            "secondary_queue_endpoint": null,
            "secondary_queue_host": null,
            "secondary_table_endpoint": null,
            "secondary_table_host": null,
            "secondary_web_endpoint": null,
            "secondary_web_host": null,
            "static_website": [],
            "tags": null,
            "timeouts": null
          },
          "sensitive_attributes": [],
          "private": "eyJlMmJmYjczMC1lY2FhLTExZTYtOGY4OC0zNDM2M2JjN2M0YzAiOnsiY3JlYXRlIjozNjAwMDAwMDAwMDAwLCJkZWxldGUiOjM2MDAwMDAwMDAwMDAsInJlYWQiOjMwMDAwMDAwMDAwMCwidXBkYXRlIjozNjAwMDAwMDAwMDAwfSwic2NoZW1hX3ZlcnNpb24iOiIyIn0=",
          "dependencies": [
            "azurerm_resource_group.RG"
          ]
        }
      ]
    }
  ]
}
